PODS:
  - CocoaAsyncSocket (7.6.5)
  - NHNetworkTime (1.7.1):
    - CocoaAsyncSocket (~> 7.6.5)

DEPENDENCIES:
  - NHNetworkTime (from `../../`)

SPEC REPOS:
  trunk:
    - CocoaAsyncSocket

EXTERNAL SOURCES:
  NHNetworkTime:
    :path: "../../"

SPEC CHECKSUMS:
  CocoaAsyncSocket: 065fd1e645c7abab64f7a6a2007a48038fdc6a99
  NHNetworkTime: aca2613bd989b7a9a0830c8ac2d463ecee8894d5

PODFILE CHECKSUM: 18bb4b225dff96cdf16db3cea747adc903a9705d

COCOAPODS: 1.15.2
